
Microsoft Visual Studio Solution File, Format Version 12.00
# Visual Studio Version 17
VisualStudioVersion = 17.8.34322.80
MinimumVisualStudioVersion = 10.0.40219.1
Project("{8BC9CEB8-8B4A-11D0-8D11-00A0C91BC942}") = "AlgorithmDisplay", "AlgorithmDisplay.vcxproj", "{ABF6AD0E-CCE8-42D1-A42A-64F312372292}"
EndProject
Global
	GlobalSection(SolutionConfigurationPlatforms) = preSolution
		Debug|x64 = Debug|x64
		Release|x64 = Release|x64
	EndGlobalSection
	GlobalSection(ProjectConfigurationPlatforms) = postSolution
		{ABF6AD0E-CCE8-42D1-A42A-64F312372292}.Debug|x64.ActiveCfg = Debug|x64
		{ABF6AD0E-CCE8-42D1-A42A-64F312372292}.Debug|x64.Build.0 = Debug|x64
		{ABF6AD0E-CCE8-42D1-A42A-64F312372292}.Release|x64.ActiveCfg = Release|x64
		{ABF6AD0E-CCE8-42D1-A42A-64F312372292}.Release|x64.Build.0 = Release|x64
	EndGlobalSection
	GlobalSection(SolutionProperties) = preSolution
		HideSolutionNode = FALSE
	EndGlobalSection
	GlobalSection(ExtensibilityGlobals) = postSolution
		SolutionGuid = {3E9A7094-AF02-4F96-ACF1-C8060BBA391F}
	EndGlobalSection
EndGlobal
